// !$*UTF8*$!
{
	archiveVersion = 1;
	classes = {
	};
	objectVersion = 48;
	objects = {

/* Begin PBXBuildFile section */
		191420741F9409540072375E /* \().swift in Sources */ = {isa = PBXBuildFile; fileRef = 191420731F9409540072375E /* \().swift */; };
		191420761F940E950072375E /* CurrentWeather.swift in Sources */ = {isa = PBXBuildFile; fileRef = 191420751F940E950072375E /* CurrentWeather.swift */; };
		191A30BC1F939EA300509272 /* AppDelegate.swift in Sources */ = {isa = PBXBuildFile; fileRef = 191A30BB1F939EA300509272 /* AppDelegate.swift */; };
		191A30BE1F939EA300509272 /* ViewController.swift in Sources */ = {isa = PBXBuildFile; fileRef = 191A30BD1F939EA300509272 /* ViewController.swift */; };
		191A30C11F939EA300509272 /* Main.storyboard in Resources */ = {isa = PBXBuildFile; fileRef = 191A30BF1F939EA300509272 /* Main.storyboard */; };
		191A30C31F939EA300509272 /* Assets.xcassets in Resources */ = {isa = PBXBuildFile; fileRef = 191A30C21F939EA300509272 /* Assets.xcassets */; };
		191A30C61F939EA300509272 /* LaunchScreen.storyboard in Resources */ = {isa = PBXBuildFile; fileRef = 191A30C41F939EA300509272 /* LaunchScreen.storyboard */; };
		191A30D11F939EA300509272 /* metexTests.swift in Sources */ = {isa = PBXBuildFile; fileRef = 191A30D01F939EA300509272 /* metexTests.swift */; };
		191A30DC1F939EA300509272 /* metexUITests.swift in Sources */ = {isa = PBXBuildFile; fileRef = 191A30DB1F939EA300509272 /* metexUITests.swift */; };
		192534471F94CF580017D528 /* Forecast.swift in Sources */ = {isa = PBXBuildFile; fileRef = 192534461F94CF580017D528 /* Forecast.swift */; };
		192534491F94FAD10017D528 /* WeatherCell.swift in Sources */ = {isa = PBXBuildFile; fileRef = 192534481F94FAD10017D528 /* WeatherCell.swift */; };
		19C208C81F955E3800D70278 /* Location.swift in Sources */ = {isa = PBXBuildFile; fileRef = 19C208C71F955E3800D70278 /* Location.swift */; };
		1BF4C406B32B0658A05D91FD /* Pods_metexTests.framework in Frameworks */ = {isa = PBXBuildFile; fileRef = 67BBEDEEA50F8873E1DDDED2 /* Pods_metexTests.framework */; };
		2E1AB66B3806B57002E2064F /* Pods_metexUITests.framework in Frameworks */ = {isa = PBXBuildFile; fileRef = 57DFB3CA2A7DDB985F8969E0 /* Pods_metexUITests.framework */; };
		536A4056D06B41692C3A669C /* Pods_metex.framework in Frameworks */ = {isa = PBXBuildFile; fileRef = 2DF678CA821515C238846FD4 /* Pods_metex.framework */; };
/* End PBXBuildFile section */

/* Begin PBXContainerItemProxy section */
		191A30CD1F939EA300509272 /* PBXContainerItemProxy */ = {
			isa = PBXContainerItemProxy;
			containerPortal = 191A30B01F939EA300509272 /* Project object */;
			proxyType = 1;
			remoteGlobalIDString = 191A30B71F939EA300509272;
			remoteInfo = metex;
		};
		191A30D81F939EA300509272 /* PBXContainerItemProxy */ = {
			isa = PBXContainerItemProxy;
			containerPortal = 191A30B01F939EA300509272 /* Project object */;
			proxyType = 1;
			remoteGlobalIDString = 191A30B71F939EA300509272;
			remoteInfo = metex;
		};
/* End PBXContainerItemProxy section */

/* Begin PBXFileReference section */
		191420731F9409540072375E /* \().swift */ = {isa = PBXFileReference; lastKnownFileType = sourcecode.swift; path = "\\().swift"; sourceTree = "<group>"; };
		191420751F940E950072375E /* CurrentWeather.swift */ = {isa = PBXFileReference; lastKnownFileType = sourcecode.swift; path = CurrentWeather.swift; sourceTree = "<group>"; };
		191A30B81F939EA300509272 /* metex.app */ = {isa = PBXFileReference; explicitFileType = wrapper.application; includeInIndex = 0; path = metex.app; sourceTree = BUILT_PRODUCTS_DIR; };
		191A30BB1F939EA300509272 /* AppDelegate.swift */ = {isa = PBXFileReference; lastKnownFileType = sourcecode.swift; path = AppDelegate.swift; sourceTree = "<group>"; };
		191A30BD1F939EA300509272 /* ViewController.swift */ = {isa = PBXFileReference; lastKnownFileType = sourcecode.swift; path = ViewController.swift; sourceTree = "<group>"; };
		191A30C01F939EA300509272 /* Base */ = {isa = PBXFileReference; lastKnownFileType = file.storyboard; name = Base; path = Base.lproj/Main.storyboard; sourceTree = "<group>"; };
		191A30C21F939EA300509272 /* Assets.xcassets */ = {isa = PBXFileReference; lastKnownFileType = folder.assetcatalog; path = Assets.xcassets; sourceTree = "<group>"; };
		191A30C51F939EA300509272 /* Base */ = {isa = PBXFileReference; lastKnownFileType = file.storyboard; name = Base; path = Base.lproj/LaunchScreen.storyboard; sourceTree = "<group>"; };
		191A30C71F939EA300509272 /* Info.plist */ = {isa = PBXFileReference; lastKnownFileType = text.plist.xml; path = Info.plist; sourceTree = "<group>"; };
		191A30CC1F939EA300509272 /* metexTests.xctest */ = {isa = PBXFileReference; explicitFileType = wrapper.cfbundle; includeInIndex = 0; path = metexTests.xctest; sourceTree = BUILT_PRODUCTS_DIR; };
		191A30D01F939EA300509272 /* metexTests.swift */ = {isa = PBXFileReference; lastKnownFileType = sourcecode.swift; path = metexTests.swift; sourceTree = "<group>"; };
		191A30D21F939EA300509272 /* Info.plist */ = {isa = PBXFileReference; lastKnownFileType = text.plist.xml; path = Info.plist; sourceTree = "<group>"; };
		191A30D71F939EA300509272 /* metexUITests.xctest */ = {isa = PBXFileReference; explicitFileType = wrapper.cfbundle; includeInIndex = 0; path = metexUITests.xctest; sourceTree = BUILT_PRODUCTS_DIR; };
		191A30DB1F939EA300509272 /* metexUITests.swift */ = {isa = PBXFileReference; lastKnownFileType = sourcecode.swift; path = metexUITests.swift; sourceTree = "<group>"; };
		191A30DD1F939EA300509272 /* Info.plist */ = {isa = PBXFileReference; lastKnownFileType = text.plist.xml; path = Info.plist; sourceTree = "<group>"; };
		192534461F94CF580017D528 /* Forecast.swift */ = {isa = PBXFileReference; lastKnownFileType = sourcecode.swift; path = Forecast.swift; sourceTree = "<group>"; };
		192534481F94FAD10017D528 /* WeatherCell.swift */ = {isa = PBXFileReference; lastKnownFileType = sourcecode.swift; path = WeatherCell.swift; sourceTree = "<group>"; };
		19C208C71F955E3800D70278 /* Location.swift */ = {isa = PBXFileReference; lastKnownFileType = sourcecode.swift; path = Location.swift; sourceTree = "<group>"; };
		2108749AD77379DC827B5F5C /* Pods-metex.debug.xcconfig */ = {isa = PBXFileReference; includeInIndex = 1; lastKnownFileType = text.xcconfig; name = "Pods-metex.debug.xcconfig"; path = "Pods/Target Support Files/Pods-metex/Pods-metex.debug.xcconfig"; sourceTree = "<group>"; };
		2DF678CA821515C238846FD4 /* Pods_metex.framework */ = {isa = PBXFileReference; explicitFileType = wrapper.framework; includeInIndex = 0; path = Pods_metex.framework; sourceTree = BUILT_PRODUCTS_DIR; };
		2E2053D98382412CF1C4BED2 /* Pods-metex.release.xcconfig */ = {isa = PBXFileReference; includeInIndex = 1; lastKnownFileType = text.xcconfig; name = "Pods-metex.release.xcconfig"; path = "Pods/Target Support Files/Pods-metex/Pods-metex.release.xcconfig"; sourceTree = "<group>"; };
		3FF8089F1296D6151B7E7266 /* Pods-metexUITests.debug.xcconfig */ = {isa = PBXFileReference; includeInIndex = 1; lastKnownFileType = text.xcconfig; name = "Pods-metexUITests.debug.xcconfig"; path = "Pods/Target Support Files/Pods-metexUITests/Pods-metexUITests.debug.xcconfig"; sourceTree = "<group>"; };
		48E9696E0FADB4C7522171E8 /* Pods-metexTests.release.xcconfig */ = {isa = PBXFileReference; includeInIndex = 1; lastKnownFileType = text.xcconfig; name = "Pods-metexTests.release.xcconfig"; path = "Pods/Target Support Files/Pods-metexTests/Pods-metexTests.release.xcconfig"; sourceTree = "<group>"; };
		57DFB3CA2A7DDB985F8969E0 /* Pods_metexUITests.framework */ = {isa = PBXFileReference; explicitFileType = wrapper.framework; includeInIndex = 0; path = Pods_metexUITests.framework; sourceTree = BUILT_PRODUCTS_DIR; };
		67BBEDEEA50F8873E1DDDED2 /* Pods_metexTests.framework */ = {isa = PBXFileReference; explicitFileType = wrapper.framework; includeInIndex = 0; path = Pods_metexTests.framework; sourceTree = BUILT_PRODUCTS_DIR; };
		D0A3DC2E1191774DAB0FC3B1 /* Pods-metexTests.debug.xcconfig */ = {isa = PBXFileReference; includeInIndex = 1; lastKnownFileType = text.xcconfig; name = "Pods-metexTests.debug.xcconfig"; path = "Pods/Target Support Files/Pods-metexTests/Pods-metexTests.debug.xcconfig"; sourceTree = "<group>"; };
		E1BE17D057ED7EFA5597B4E6 /* Pods-metexUITests.release.xcconfig */ = {isa = PBXFileReference; includeInIndex = 1; lastKnownFileType = text.xcconfig; name = "Pods-metexUITests.release.xcconfig"; path = "Pods/Target Support Files/Pods-metexUITests/Pods-metexUITests.release.xcconfig"; sourceTree = "<group>"; };
/* End PBXFileReference section */

/* Begin PBXFrameworksBuildPhase section */
		191A30B51F939EA300509272 /* Frameworks */ = {
			isa = PBXFrameworksBuildPhase;
			buildActionMask = 2147483647;
			files = (
				536A4056D06B41692C3A669C /* Pods_metex.framework in Frameworks */,
			);
			runOnlyForDeploymentPostprocessing = 0;
		};
		191A30C91F939EA300509272 /* Frameworks */ = {
			isa = PBXFrameworksBuildPhase;
			buildActionMask = 2147483647;
			files = (
				1BF4C406B32B0658A05D91FD /* Pods_metexTests.framework in Frameworks */,
			);
			runOnlyForDeploymentPostprocessing = 0;
		};
		191A30D41F939EA300509272 /* Frameworks */ = {
			isa = PBXFrameworksBuildPhase;
			buildActionMask = 2147483647;
			files = (
				2E1AB66B3806B57002E2064F /* Pods_metexUITests.framework in Frameworks */,
			);
			runOnlyForDeploymentPostprocessing = 0;
		};
/* End PBXFrameworksBuildPhase section */

/* Begin PBXGroup section */
		191A30AF1F939EA300509272 = {
			isa = PBXGroup;
			children = (
				191A30BA1F939EA300509272 /* metex */,
				191A30CF1F939EA300509272 /* metexTests */,
				191A30DA1F939EA300509272 /* metexUITests */,
				191A30B91F939EA300509272 /* Products */,
				CD2FF17DA2C90530423B1A9D /* Pods */,
				A5B80A44C0A0895F87911387 /* Frameworks */,
			);
			sourceTree = "<group>";
		};
		191A30B91F939EA300509272 /* Products */ = {
			isa = PBXGroup;
			children = (
				191A30B81F939EA300509272 /* metex.app */,
				191A30CC1F939EA300509272 /* metexTests.xctest */,
				191A30D71F939EA300509272 /* metexUITests.xctest */,
			);
			name = Products;
			sourceTree = "<group>";
		};
		191A30BA1F939EA300509272 /* metex */ = {
			isa = PBXGroup;
			children = (
				191A30BB1F939EA300509272 /* AppDelegate.swift */,
				191A30BD1F939EA300509272 /* ViewController.swift */,
				191A30BF1F939EA300509272 /* Main.storyboard */,
				191A30C21F939EA300509272 /* Assets.xcassets */,
				191A30C41F939EA300509272 /* LaunchScreen.storyboard */,
				191A30C71F939EA300509272 /* Info.plist */,
				191420731F9409540072375E /* \().swift */,
				191420751F940E950072375E /* CurrentWeather.swift */,
				192534461F94CF580017D528 /* Forecast.swift */,
				192534481F94FAD10017D528 /* WeatherCell.swift */,
				19C208C71F955E3800D70278 /* Location.swift */,
			);
			path = metex;
			sourceTree = "<group>";
		};
		191A30CF1F939EA300509272 /* metexTests */ = {
			isa = PBXGroup;
			children = (
				191A30D01F939EA300509272 /* metexTests.swift */,
				191A30D21F939EA300509272 /* Info.plist */,
			);
			path = metexTests;
			sourceTree = "<group>";
		};
		191A30DA1F939EA300509272 /* metexUITests */ = {
			isa = PBXGroup;
			children = (
				191A30DB1F939EA300509272 /* metexUITests.swift */,
				191A30DD1F939EA300509272 /* Info.plist */,
			);
			path = metexUITests;
			sourceTree = "<group>";
		};
		A5B80A44C0A0895F87911387 /* Frameworks */ = {
			isa = PBXGroup;
			children = (
				2DF678CA821515C238846FD4 /* Pods_metex.framework */,
				67BBEDEEA50F8873E1DDDED2 /* Pods_metexTests.framework */,
				57DFB3CA2A7DDB985F8969E0 /* Pods_metexUITests.framework */,
			);
			name = Frameworks;
			sourceTree = "<group>";
		};
		CD2FF17DA2C90530423B1A9D /* Pods */ = {
			isa = PBXGroup;
			children = (
				2108749AD77379DC827B5F5C /* Pods-metex.debug.xcconfig */,
				2E2053D98382412CF1C4BED2 /* Pods-metex.release.xcconfig */,
				D0A3DC2E1191774DAB0FC3B1 /* Pods-metexTests.debug.xcconfig */,
				48E9696E0FADB4C7522171E8 /* Pods-metexTests.release.xcconfig */,
				3FF8089F1296D6151B7E7266 /* Pods-metexUITests.debug.xcconfig */,
				E1BE17D057ED7EFA5597B4E6 /* Pods-metexUITests.release.xcconfig */,
			);
			name = Pods;
			sourceTree = "<group>";
		};
/* End PBXGroup section */

/* Begin PBXNativeTarget section */
		191A30B71F939EA300509272 /* metex */ = {
			isa = PBXNativeTarget;
			buildConfigurationList = 191A30E01F939EA300509272 /* Build configuration list for PBXNativeTarget "metex" */;
			buildPhases = (
				7E8403C6297A591B17975A2A /* [CP] Check Pods Manifest.lock */,
				191A30B41F939EA300509272 /* Sources */,
				191A30B51F939EA300509272 /* Frameworks */,
				191A30B61F939EA300509272 /* Resources */,
				BF988E21735149276510ECA2 /* [CP] Embed Pods Frameworks */,
				1551FB7700D22F4C91973297 /* [CP] Copy Pods Resources */,
			);
			buildRules = (
			);
			dependencies = (
			);
			name = metex;
			productName = metex;
			productReference = 191A30B81F939EA300509272 /* metex.app */;
			productType = "com.apple.product-type.application";
		};
		191A30CB1F939EA300509272 /* metexTests */ = {
			isa = PBXNativeTarget;
			buildConfigurationList = 191A30E31F939EA300509272 /* Build configuration list for PBXNativeTarget "metexTests" */;
			buildPhases = (
				5FD181354D81E7B0486FA2E2 /* [CP] Check Pods Manifest.lock */,
				191A30C81F939EA300509272 /* Sources */,
				191A30C91F939EA300509272 /* Frameworks */,
				191A30CA1F939EA300509272 /* Resources */,
				2945B606AFB8CB42854049AC /* [CP] Embed Pods Frameworks */,
				5029F5D59364B000F57DABA8 /* [CP] Copy Pods Resources */,
			);
			buildRules = (
			);
			dependencies = (
				191A30CE1F939EA300509272 /* PBXTargetDependency */,
			);
			name = metexTests;
			productName = metexTests;
			productReference = 191A30CC1F939EA300509272 /* metexTests.xctest */;
			productType = "com.apple.product-type.bundle.unit-test";
		};
		191A30D61F939EA300509272 /* metexUITests */ = {
			isa = PBXNativeTarget;
			buildConfigurationList = 191A30E61F939EA300509272 /* Build configuration list for PBXNativeTarget "metexUITests" */;
			buildPhases = (
				F36DEFCF8407C9BBCD53CE8F /* [CP] Check Pods Manifest.lock */,
				191A30D31F939EA300509272 /* Sources */,
				191A30D41F939EA300509272 /* Frameworks */,
				191A30D51F939EA300509272 /* Resources */,
				F68BCA92B682AA255CF039CF /* [CP] Embed Pods Frameworks */,
				77B1CCB701ADFE16DE175B5A /* [CP] Copy Pods Resources */,
			);
			buildRules = (
			);
			dependencies = (
				191A30D91F939EA300509272 /* PBXTargetDependency */,
			);
			name = metexUITests;
			productName = metexUITests;
			productReference = 191A30D71F939EA300509272 /* metexUITests.xctest */;
			productType = "com.apple.product-type.bundle.ui-testing";
		};
/* End PBXNativeTarget section */

/* Begin PBXProject section */
		191A30B01F939EA300509272 /* Project object */ = {
			isa = PBXProject;
			attributes = {
				LastSwiftUpdateCheck = 0900;
				LastUpgradeCheck = 0900;
				ORGANIZATIONNAME = "samuel ralak";
				TargetAttributes = {
					191A30B71F939EA300509272 = {
						CreatedOnToolsVersion = 9.0;
						ProvisioningStyle = Automatic;
					};
					191A30CB1F939EA300509272 = {
						CreatedOnToolsVersion = 9.0;
						ProvisioningStyle = Automatic;
						TestTargetID = 191A30B71F939EA300509272;
					};
					191A30D61F939EA300509272 = {
						CreatedOnToolsVersion = 9.0;
						ProvisioningStyle = Automatic;
						TestTargetID = 191A30B71F939EA300509272;
					};
				};
			};
			buildConfigurationList = 191A30B31F939EA300509272 /* Build configuration list for PBXProject "metex" */;
			compatibilityVersion = "Xcode 8.0";
			developmentRegion = en;
			hasScannedForEncodings = 0;
			knownRegions = (
				en,
				Base,
			);
			mainGroup = 191A30AF1F939EA300509272;
			productRefGroup = 191A30B91F939EA300509272 /* Products */;
			projectDirPath = "";
			projectRoot = "";
			targets = (
				191A30B71F939EA300509272 /* metex */,
				191A30CB1F939EA300509272 /* metexTests */,
				191A30D61F939EA300509272 /* metexUITests */,
			);
		};
/* End PBXProject section */

/* Begin PBXResourcesBuildPhase section */
		191A30B61F939EA300509272 /* Resources */ = {
			isa = PBXResourcesBuildPhase;
			buildActionMask = 2147483647;
			files = (
				191A30C61F939EA300509272 /* LaunchScreen.storyboard in Resources */,
				191A30C31F939EA300509272 /* Assets.xcassets in Resources */,
				191A30C11F939EA300509272 /* Main.storyboard in Resources */,
			);
			runOnlyForDeploymentPostprocessing = 0;
		};
		191A30CA1F939EA300509272 /* Resources */ = {
			isa = PBXResourcesBuildPhase;
			buildActionMask = 2147483647;
			files = (
			);
			runOnlyForDeploymentPostprocessing = 0;
		};
		191A30D51F939EA300509272 /* Resources */ = {
			isa = PBXResourcesBuildPhase;
			buildActionMask = 2147483647;
			files = (
			);
			runOnlyForDeploymentPostprocessing = 0;
		};
/* End PBXResourcesBuildPhase section */

/* Begin PBXShellScriptBuildPhase section */
		1551FB7700D22F4C91973297 /* [CP] Copy Pods Resources */ = {
			isa = PBXShellScriptBuildPhase;
			buildActionMask = 2147483647;
			files = (
			);
			inputPaths = (
			);
			name = "[CP] Copy Pods Resources";
			outputPaths = (
			);
			runOnlyForDeploymentPostprocessing = 0;
			shellPath = /bin/sh;
			shellScript = "\"${SRCROOT}/Pods/Target Support Files/Pods-metex/Pods-metex-resources.sh\"\n";
			showEnvVarsInLog = 0;
		};
		2945B606AFB8CB42854049AC /* [CP] Embed Pods Frameworks */ = {
			isa = PBXShellScriptBuildPhase;
			buildActionMask = 2147483647;
			files = (
			);
			inputPaths = (
			);
			name = "[CP] Embed Pods Frameworks";
			outputPaths = (
			);
			runOnlyForDeploymentPostprocessing = 0;
			shellPath = /bin/sh;
			shellScript = "\"${SRCROOT}/Pods/Target Support Files/Pods-metexTests/Pods-metexTests-frameworks.sh\"\n";
			showEnvVarsInLog = 0;
		};
		5029F5D59364B000F57DABA8 /* [CP] Copy Pods Resources */ = {
			isa = PBXShellScriptBuildPhase;
			buildActionMask = 2147483647;
			files = (
			);
			inputPaths = (
			);
			name = "[CP] Copy Pods Resources";
			outputPaths = (
			);
			runOnlyForDeploymentPostprocessing = 0;
			shellPath = /bin/sh;
			shellScript = "\"${SRCROOT}/Pods/Target Support Files/Pods-metexTests/Pods-metexTests-resources.sh\"\n";
			showEnvVarsInLog = 0;
		};
		5FD181354D81E7B0486FA2E2 /* [CP] Check Pods Manifest.lock */ = {
			isa = PBXShellScriptBuildPhase;
			buildActionMask = 2147483647;
			files = (
			);
			inputPaths = (
				"${PODS_PODFILE_DIR_PATH}/Podfile.lock",
				"${PODS_ROOT}/Manifest.lock",
			);
			name = "[CP] Check Pods Manifest.lock";
			outputPaths = (
				"$(DERIVED_FILE_DIR)/Pods-metexTests-checkManifestLockResult.txt",
			);
			runOnlyForDeploymentPostprocessing = 0;
			shellPath = /bin/sh;
			shellScript = "diff \"${PODS_PODFILE_DIR_PATH}/Podfile.lock\" \"${PODS_ROOT}/Manifest.lock\" > /dev/null\nif [ $? != 0 ] ; then\n    # print error to STDERR\n    echo \"error: The sandbox is not in sync with the Podfile.lock. Run 'pod install' or update your CocoaPods installation.\" >&2\n    exit 1\nfi\n# This output is used by Xcode 'outputs' to avoid re-running this script phase.\necho \"SUCCESS\" > \"${SCRIPT_OUTPUT_FILE_0}\"\n";
			showEnvVarsInLog = 0;
		};
		77B1CCB701ADFE16DE175B5A /* [CP] Copy Pods Resources */ = {
			isa = PBXShellScriptBuildPhase;
			buildActionMask = 2147483647;
			files = (
			);
			inputPaths = (
			);
			name = "[CP] Copy Pods Resources";
			outputPaths = (
			);
			runOnlyForDeploymentPostprocessing = 0;
			shellPath = /bin/sh;
			shellScript = "\"${SRCROOT}/Pods/Target Support Files/Pods-metexUITests/Pods-metexUITests-resources.sh\"\n";
			showEnvVarsInLog = 0;
		};
		7E8403C6297A591B17975A2A /* [CP] Check Pods Manifest.lock */ = {
			isa = PBXShellScriptBuildPhase;
			buildActionMask = 2147483647;
			files = (
			);
			inputPaths = (
				"${PODS_PODFILE_DIR_PATH}/Podfile.lock",
				"${PODS_ROOT}/Manifest.lock",
			);
			name = "[CP] Check Pods Manifest.lock";
			outputPaths = (
				"$(DERIVED_FILE_DIR)/Pods-metex-checkManifestLockResult.txt",
			);
			runOnlyForDeploymentPostprocessing = 0;
			shellPath = /bin/sh;
			shellScript = "diff \"${PODS_PODFILE_DIR_PATH}/Podfile.lock\" \"${PODS_ROOT}/Manifest.lock\" > /dev/null\nif [ $? != 0 ] ; then\n    # print error to STDERR\n    echo \"error: The sandbox is not in sync with the Podfile.lock. Run 'pod install' or update your CocoaPods installation.\" >&2\n    exit 1\nfi\n# This output is used by Xcode 'outputs' to avoid re-running this script phase.\necho \"SUCCESS\" > \"${SCRIPT_OUTPUT_FILE_0}\"\n";
			showEnvVarsInLog = 0;
		};
		BF988E21735149276510ECA2 /* [CP] Embed Pods Frameworks */ = {
			isa = PBXShellScriptBuildPhase;
			buildActionMask = 2147483647;
			files = (
			);
			inputPaths = (
				"${SRCROOT}/Pods/Target Support Files/Pods-metex/Pods-metex-frameworks.sh",
				"${BUILT_PRODUCTS_DIR}/Alamofire/Alamofire.framework",
			);
			name = "[CP] Embed Pods Frameworks";
			outputPaths = (
				"${TARGET_BUILD_DIR}/${FRAMEWORKS_FOLDER_PATH}/Alamofire.framework",
			);
			runOnlyForDeploymentPostprocessing = 0;
			shellPath = /bin/sh;
			shellScript = "\"${SRCROOT}/Pods/Target Support Files/Pods-metex/Pods-metex-frameworks.sh\"\n";
			showEnvVarsInLog = 0;
		};
		F36DEFCF8407C9BBCD53CE8F /* [CP] Check Pods Manifest.lock */ = {
			isa = PBXShellScriptBuildPhase;
			buildActionMask = 2147483647;
			files = (
			);
			inputPaths = (
				"${PODS_PODFILE_DIR_PATH}/Podfile.lock",
				"${PODS_ROOT}/Manifest.lock",
			);
			name = "[CP] Check Pods Manifest.lock";
			outputPaths = (
				"$(DERIVED_FILE_DIR)/Pods-metexUITests-checkManifestLockResult.txt",
			);
			runOnlyForDeploymentPostprocessing = 0;
			shellPath = /bin/sh;
			shellScript = "diff \"${PODS_PODFILE_DIR_PATH}/Podfile.lock\" \"${PODS_ROOT}/Manifest.lock\" > /dev/null\nif [ $? != 0 ] ; then\n    # print error to STDERR\n    echo \"error: The sandbox is not in sync with the Podfile.lock. Run 'pod install' or update your CocoaPods installation.\" >&2\n    exit 1\nfi\n# This output is used by Xcode 'outputs' to avoid re-running this script phase.\necho \"SUCCESS\" > \"${SCRIPT_OUTPUT_FILE_0}\"\n";
			showEnvVarsInLog = 0;
		};
		F68BCA92B682AA255CF039CF /* [CP] Embed Pods Frameworks */ = {
			isa = PBXShellScriptBuildPhase;
			buildActionMask = 2147483647;
			files = (
			);
			inputPaths = (
			);
			name = "[CP] Embed Pods Frameworks";
			outputPaths = (
			);
			runOnlyForDeploymentPostprocessing = 0;
			shellPath = /bin/sh;
			shellScript = "\"${SRCROOT}/Pods/Target Support Files/Pods-metexUITests/Pods-metexUITests-frameworks.sh\"\n";
			showEnvVarsInLog = 0;
		};
/* End PBXShellScriptBuildPhase section */

/* Begin PBXSourcesBuildPhase section */
		191A30B41F939EA300509272 /* Sources */ = {
			isa = PBXSourcesBuildPhase;
			buildActionMask = 2147483647;
			files = (
				191A30BE1F939EA300509272 /* ViewController.swift in Sources */,
				191A30BC1F939EA300509272 /* AppDelegate.swift in Sources */,
				192534491F94FAD10017D528 /* WeatherCell.swift in Sources */,
				191420761F940E950072375E /* CurrentWeather.swift in Sources */,
				191420741F9409540072375E /* \().swift in Sources */,
				192534471F94CF580017D528 /* Forecast.swift in Sources */,
				19C208C81F955E3800D70278 /* Location.swift in Sources */,
			);
			runOnlyForDeploymentPostprocessing = 0;
		};
		191A30C81F939EA300509272 /* Sources */ = {
			isa = PBXSourcesBuildPhase;
			buildActionMask = 2147483647;
			files = (
				191A30D11F939EA300509272 /* metexTests.swift in Sources */,
			);
			runOnlyForDeploymentPostprocessing = 0;
		};
		191A30D31F939EA300509272 /* Sources */ = {
			isa = PBXSourcesBuildPhase;
			buildActionMask = 2147483647;
			files = (
				191A30DC1F939EA300509272 /* metexUITests.swift in Sources */,
			);
			runOnlyForDeploymentPostprocessing = 0;
		};
/* End PBXSourcesBuildPhase section */

/* Begin PBXTargetDependency section */
		191A30CE1F939EA300509272 /* PBXTargetDependency */ = {
			isa = PBXTargetDependency;
			target = 191A30B71F939EA300509272 /* metex */;
			targetProxy = 191A30CD1F939EA300509272 /* PBXContainerItemProxy */;
		};
		191A30D91F939EA300509272 /* PBXTargetDependency */ = {
			isa = PBXTargetDependency;
			target = 191A30B71F939EA300509272 /* metex */;
			targetProxy = 191A30D81F939EA300509272 /* PBXContainerItemProxy */;
		};
/* End PBXTargetDependency section */

/* Begin PBXVariantGroup section */
		191A30BF1F939EA300509272 /* Main.storyboard */ = {
			isa = PBXVariantGroup;
			children = (
				191A30C01F939EA300509272 /* Base */,
			);
			name = Main.storyboard;
			sourceTree = "<group>";
		};
		191A30C41F939EA300509272 /* LaunchScreen.storyboard */ = {
			isa = PBXVariantGroup;
			children = (
				191A30C51F939EA300509272 /* Base */,
			);
			name = LaunchScreen.storyboard;
			sourceTree = "<group>";
		};
/* End PBXVariantGroup section */

/* Begin XCBuildConfiguration section */
		191A30DE1F939EA300509272 /* Debug */ = {
			isa = XCBuildConfiguration;
			buildSettings = {
				ALWAYS_SEARCH_USER_PATHS = NO;
				CLANG_ANALYZER_NONNULL = YES;
				CLANG_ANALYZER_NUMBER_OBJECT_CONVERSION = YES_AGGRESSIVE;
				CLANG_CXX_LANGUAGE_STANDARD = "gnu++14";
				CLANG_CXX_LIBRARY = "libc++";
				CLANG_ENABLE_MODULES = YES;
				CLANG_ENABLE_OBJC_ARC = YES;
				CLANG_WARN_BLOCK_CAPTURE_AUTORELEASING = YES;
				CLANG_WARN_BOOL_CONVERSION = YES;
				CLANG_WARN_COMMA = YES;
				CLANG_WARN_CONSTANT_CONVERSION = YES;
				CLANG_WARN_DIRECT_OBJC_ISA_USAGE = YES_ERROR;
				CLANG_WARN_DOCUMENTATION_COMMENTS = YES;
				CLANG_WARN_EMPTY_BODY = YES;
				CLANG_WARN_ENUM_CONVERSION = YES;
				CLANG_WARN_INFINITE_RECURSION = YES;
				CLANG_WARN_INT_CONVERSION = YES;
				CLANG_WARN_NON_LITERAL_NULL_CONVERSION = YES;
				CLANG_WARN_OBJC_LITERAL_CONVERSION = YES;
				CLANG_WARN_OBJC_ROOT_CLASS = YES_ERROR;
				CLANG_WARN_RANGE_LOOP_ANALYSIS = YES;
				CLANG_WARN_STRICT_PROTOTYPES = YES;
				CLANG_WARN_SUSPICIOUS_MOVE = YES;
				CLANG_WARN_UNGUARDED_AVAILABILITY = YES_AGGRESSIVE;
				CLANG_WARN_UNREACHABLE_CODE = YES;
				CLANG_WARN__DUPLICATE_METHOD_MATCH = YES;
				CODE_SIGN_IDENTITY = "iPhone Developer";
				COPY_PHASE_STRIP = NO;
				DEBUG_INFORMATION_FORMAT = dwarf;
				ENABLE_STRICT_OBJC_MSGSEND = YES;
				ENABLE_TESTABILITY = YES;
				GCC_C_LANGUAGE_STANDARD = gnu11;
				GCC_DYNAMIC_NO_PIC = NO;
				GCC_NO_COMMON_BLOCKS = YES;
				GCC_OPTIMIZATION_LEVEL = 0;
				GCC_PREPROCESSOR_DEFINITIONS = (
					"DEBUG=1",
					"$(inherited)",
				);
				GCC_WARN_64_TO_32_BIT_CONVERSION = YES;
				GCC_WARN_ABOUT_RETURN_TYPE = YES_ERROR;
				GCC_WARN_UNDECLARED_SELECTOR = YES;
				GCC_WARN_UNINITIALIZED_AUTOS = YES_AGGRESSIVE;
				GCC_WARN_UNUSED_FUNCTION = YES;
				GCC_WARN_UNUSED_VARIABLE = YES;
				IPHONEOS_DEPLOYMENT_TARGET = 11.0;
				MTL_ENABLE_DEBUG_INFO = YES;
				ONLY_ACTIVE_ARCH = YES;
				SDKROOT = iphoneos;
				SWIFT_ACTIVE_COMPILATION_CONDITIONS = DEBUG;
				SWIFT_OPTIMIZATION_LEVEL = "-Onone";
			};
			name = Debug;
		};
		191A30DF1F939EA300509272 /* Release */ = {
			isa = XCBuildConfiguration;
			buildSettings = {
				ALWAYS_SEARCH_USER_PATHS = NO;
				CLANG_ANALYZER_NONNULL = YES;
				CLANG_ANALYZER_NUMBER_OBJECT_CONVERSION = YES_AGGRESSIVE;
				CLANG_CXX_LANGUAGE_STANDARD = "gnu++14";
				CLANG_CXX_LIBRARY = "libc++";
				CLANG_ENABLE_MODULES = YES;
				CLANG_ENABLE_OBJC_ARC = YES;
				CLANG_WARN_BLOCK_CAPTURE_AUTORELEASING = YES;
				CLANG_WARN_BOOL_CONVERSION = YES;
				CLANG_WARN_COMMA = YES;
				CLANG_WARN_CONSTANT_CONVERSION = YES;
				CLANG_WARN_DIRECT_OBJC_ISA_USAGE = YES_ERROR;
				CLANG_WARN_DOCUMENTATION_COMMENTS = YES;
				CLANG_WARN_EMPTY_BODY = YES;
				CLANG_WARN_ENUM_CONVERSION = YES;
				CLANG_WARN_INFINITE_RECURSION = YES;
				CLANG_WARN_INT_CONVERSION = YES;
				CLANG_WARN_NON_LITERAL_NULL_CONVERSION = YES;
				CLANG_WARN_OBJC_LITERAL_CONVERSION = YES;
				CLANG_WARN_OBJC_ROOT_CLASS = YES_ERROR;
				CLANG_WARN_RANGE_LOOP_ANALYSIS = YES;
				CLANG_WARN_STRICT_PROTOTYPES = YES;
				CLANG_WARN_SUSPICIOUS_MOVE = YES;
				CLANG_WARN_UNGUARDED_AVAILABILITY = YES_AGGRESSIVE;
				CLANG_WARN_UNREACHABLE_CODE = YES;
				CLANG_WARN__DUPLICATE_METHOD_MATCH = YES;
				CODE_SIGN_IDENTITY = "iPhone Developer";
				COPY_PHASE_STRIP = NO;
				DEBUG_INFORMATION_FORMAT = "dwarf-with-dsym";
				ENABLE_NS_ASSERTIONS = NO;
				ENABLE_STRICT_OBJC_MSGSEND = YES;
				GCC_C_LANGUAGE_STANDARD = gnu11;
				GCC_NO_COMMON_BLOCKS = YES;
				GCC_WARN_64_TO_32_BIT_CONVERSION = YES;
				GCC_WARN_ABOUT_RETURN_TYPE = YES_ERROR;
				GCC_WARN_UNDECLARED_SELECTOR = YES;
				GCC_WARN_UNINITIALIZED_AUTOS = YES_AGGRESSIVE;
				GCC_WARN_UNUSED_FUNCTION = YES;
				GCC_WARN_UNUSED_VARIABLE = YES;
				IPHONEOS_DEPLOYMENT_TARGET = 11.0;
				MTL_ENABLE_DEBUG_INFO = NO;
				SDKROOT = iphoneos;
				SWIFT_OPTIMIZATION_LEVEL = "-Owholemodule";
				VALIDATE_PRODUCT = YES;
			};
			name = Release;
		};
		191A30E11F939EA300509272 /* Debug */ = {
			isa = XCBuildConfiguration;
			baseConfigurationReference = 2108749AD77379DC827B5F5C /* Pods-metex.debug.xcconfig */;
			buildSettings = {
				ASSETCATALOG_COMPILER_APPICON_NAME = AppIcon;
				CODE_SIGN_STYLE = Automatic;
				DEVELOPMENT_TEAM = LEE4TD5P6V;
				INFOPLIST_FILE = metex/Info.plist;
				IPHONEOS_DEPLOYMENT_TARGET = 10.0;
				LD_RUNPATH_SEARCH_PATHS = "$(inherited) @executable_path/Frameworks";
				PRODUCT_BUNDLE_IDENTIFIER = com.ralak.personal.metex;
				PRODUCT_NAME = "$(TARGET_NAME)";
				SWIFT_VERSION = 4.0;
				TARGETED_DEVICE_FAMILY = "1,2";
			};
			name = Debug;
		};
		191A30E21F939EA300509272 /* Release */ = {
			isa = XCBuildConfiguration;
			baseConfigurationReference = 2E2053D98382412CF1C4BED2 /* Pods-metex.release.xcconfig */;
			buildSettings = {
				ASSETCATALOG_COMPILER_APPICON_NAME = AppIcon;
				CODE_SIGN_STYLE = Automatic;
				DEVELOPMENT_TEAM = LEE4TD5P6V;
				INFOPLIST_FILE = metex/Info.plist;
				IPHONEOS_DEPLOYMENT_TARGET = 10.0;
				LD_RUNPATH_SEARCH_PATHS = "$(inherited) @executable_path/Frameworks";
				PRODUCT_BUNDLE_IDENTIFIER = com.ralak.personal.metex;
				PRODUCT_NAME = "$(TARGET_NAME)";
				SWIFT_VERSION = 4.0;
				TARGETED_DEVICE_FAMILY = "1,2";
			};
			name = Release;
		};
		191A30E41F939EA300509272 /* Debug */ = {
			isa = XCBuildConfiguration;
			baseConfigurationReference = D0A3DC2E1191774DAB0FC3B1 /* Pods-metexTests.debug.xcconfig */;
			buildSettings = {
				ALWAYS_EMBED_SWIFT_STANDARD_LIBRARIES = YES;
				BUNDLE_LOADER = "$(TEST_HOST)";
				CODE_SIGN_STYLE = Automatic;
				DEVELOPMENT_TEAM = LEE4TD5P6V;
				INFOPLIST_FILE = metexTests/Info.plist;
				LD_RUNPATH_SEARCH_PATHS = "$(inherited) @executable_path/Frameworks @loader_path/Frameworks";
				PRODUCT_BUNDLE_IDENTIFIER = com.ralak.personal.metexTests;
				PRODUCT_NAME = "$(TARGET_NAME)";
				SWIFT_VERSION = 4.0;
				TARGETED_DEVICE_FAMILY = "1,2";
				TEST_HOST = "$(BUILT_PRODUCTS_DIR)/metex.app/metex";
			};
			name = Debug;
		};
		191A30E51F939EA300509272 /* Release */ = {
			isa = XCBuildConfiguration;
			baseConfigurationReference = 48E9696E0FADB4C7522171E8 /* Pods-metexTests.release.xcconfig */;
			buildSettings = {
				ALWAYS_EMBED_SWIFT_STANDARD_LIBRARIES = YES;
				BUNDLE_LOADER = "$(TEST_HOST)";
				CODE_SIGN_STYLE = Automatic;
				DEVELOPMENT_TEAM = LEE4TD5P6V;
				INFOPLIST_FILE = metexTests/Info.plist;
				LD_RUNPATH_SEARCH_PATHS = "$(inherited) @executable_path/Frameworks @loader_path/Frameworks";
				PRODUCT_BUNDLE_IDENTIFIER = com.ralak.personal.metexTests;
				PRODUCT_NAME = "$(TARGET_NAME)";
				SWIFT_VERSION = 4.0;
				TARGETED_DEVICE_FAMILY = "1,2";
				TEST_HOST = "$(BUILT_PRODUCTS_DIR)/metex.app/metex";
			};
			name = Release;
		};
		191A30E71F939EA300509272 /* Debug */ = {
			isa = XCBuildConfiguration;
			baseConfigurationReference = 3FF8089F1296D6151B7E7266 /* Pods-metexUITests.debug.xcconfig */;
			buildSettings = {
				ALWAYS_EMBED_SWIFT_STANDARD_LIBRARIES = YES;
				CODE_SIGN_STYLE = Automatic;
				DEVELOPMENT_TEAM = LEE4TD5P6V;
				INFOPLIST_FILE = metexUITests/Info.plist;
				LD_RUNPATH_SEARCH_PATHS = "$(inherited) @executable_path/Frameworks @loader_path/Frameworks";
				PRODUCT_BUNDLE_IDENTIFIER = com.ralak.personal.metexUITests;
				PRODUCT_NAME = "$(TARGET_NAME)";
				SWIFT_VERSION = 4.0;
				TARGETED_DEVICE_FAMILY = "1,2";
				TEST_TARGET_NAME = metex;
			};
			name = Debug;
		};
		191A30E81F939EA300509272 /* Release */ = {
			isa = XCBuildConfiguration;
			baseConfigurationReference = E1BE17D057ED7EFA5597B4E6 /* Pods-metexUITests.release.xcconfig */;
			buildSettings = {
				ALWAYS_EMBED_SWIFT_STANDARD_LIBRARIES = YES;
				CODE_SIGN_STYLE = Automatic;
				DEVELOPMENT_TEAM = LEE4TD5P6V;
				INFOPLIST_FILE = metexUITests/Info.plist;
				LD_RUNPATH_SEARCH_PATHS = "$(inherited) @executable_path/Frameworks @loader_path/Frameworks";
				PRODUCT_BUNDLE_IDENTIFIER = com.ralak.personal.metexUITests;
				PRODUCT_NAME = "$(TARGET_NAME)";
				SWIFT_VERSION = 4.0;
				TARGETED_DEVICE_FAMILY = "1,2";
				TEST_TARGET_NAME = metex;
			};
			name = Release;
		};
/* End XCBuildConfiguration section */

/* Begin XCConfigurationList section */
		191A30B31F939EA300509272 /* Build configuration list for PBXProject "metex" */ = {
			isa = XCConfigurationList;
			buildConfigurations = (
				191A30DE1F939EA300509272 /* Debug */,
				191A30DF1F939EA300509272 /* Release */,
			);
			defaultConfigurationIsVisible = 0;
			defaultConfigurationName = Release;
		};
		191A30E01F939EA300509272 /* Build configuration list for PBXNativeTarget "metex" */ = {
			isa = XCConfigurationList;
			buildConfigurations = (
				191A30E11F939EA300509272 /* Debug */,
				191A30E21F939EA300509272 /* Release */,
			);
			defaultConfigurationIsVisible = 0;
			defaultConfigurationName = Release;
		};
		191A30E31F939EA300509272 /* Build configuration list for PBXNativeTarget "metexTests" */ = {
			isa = XCConfigurationList;
			buildConfigurations = (
				191A30E41F939EA300509272 /* Debug */,
				191A30E51F939EA300509272 /* Release */,
			);
			defaultConfigurationIsVisible = 0;
			defaultConfigurationName = Release;
		};
		191A30E61F939EA300509272 /* Build configuration list for PBXNativeTarget "metexUITests" */ = {
			isa = XCConfigurationList;
			buildConfigurations = (
				191A30E71F939EA300509272 /* Debug */,
				191A30E81F939EA300509272 /* Release */,
			);
			defaultConfigurationIsVisible = 0;
			defaultConfigurationName = Release;
		};
/* End XCConfigurationList section */
	};
	rootObject = 191A30B01F939EA300509272 /* Project object */;
}
