// !$*UTF8*$!
{
	archiveVersion = 1;
	classes = {
	};
	objectVersion = 48;
	objects = {

/* Begin PBXBuildFile section */
		191A30BC1F939EA300509272 /* AppDelegate.swift in Sources */ = {isa = PBXBuildFile; fileRef = 191A30BB1F939EA300509272 /* AppDelegate.swift */; };
		191A30BE1F939EA300509272 /* ViewController.swift in Sources */ = {isa = PBXBuildFile; fileRef = 191A30BD1F939EA300509272 /* ViewController.swift */; };
		191A30C11F939EA300509272 /* Main.storyboard in Resources */ = {isa = PBXBuildFile; fileRef = 191A30BF1F939EA300509272 /* Main.storyboard */; };
		191A30C31F939EA300509272 /* Assets.xcassets in Resources */ = {isa = PBXBuildFile; fileRef = 191A30C21F939EA300509272 /* Assets.xcassets */; };
		191A30C61F939EA300509272 /* LaunchScreen.storyboard in Resources */ = {isa = PBXBuildFile; fileRef = 191A30C41F939EA300509272 /* LaunchScreen.storyboard */; };
		191A30D11F939EA300509272 /* metexTests.swift in Sources */ = {isa = PBXBuildFile; fileRef = 191A30D01F939EA300509272 /* metexTests.swift */; };
		191A30DC1F939EA300509272 /* metexUITests.swift in Sources */ = {isa = PBXBuildFile; fileRef = 191A30DB1F939EA300509272 /* metexUITests.swift */; };
/* End PBXBuildFile section */

/* Begin PBXContainerItemProxy section */
		191A30CD1F939EA300509272 /* PBXContainerItemProxy */ = {
			isa = PBXContainerItemProxy;
			containerPortal = 191A30B01F939EA300509272 /* Project object */;
			proxyType = 1;
			remoteGlobalIDString = 191A30B71F939EA300509272;
			remoteInfo = metex;
		};
		191A30D81F939EA300509272 /* PBXContainerItemProxy */ = {
			isa = PBXContainerItemProxy;
			containerPortal = 191A30B01F939EA300509272 /* Project object */;
			proxyType = 1;
			remoteGlobalIDString = 191A30B71F939EA300509272;
			remoteInfo = metex;
		};
/* End PBXContainerItemProxy section */

/* Begin PBXFileReference section */
		191A30B81F939EA300509272 /* metex.app */ = {isa = PBXFileReference; explicitFileType = wrapper.application; includeInIndex = 0; path = metex.app; sourceTree = BUILT_PRODUCTS_DIR; };
		191A30BB1F939EA300509272 /* AppDelegate.swift */ = {isa = PBXFileReference; lastKnownFileType = sourcecode.swift; path = AppDelegate.swift; sourceTree = "<group>"; };
		191A30BD1F939EA300509272 /* ViewController.swift */ = {isa = PBXFileReference; lastKnownFileType = sourcecode.swift; path = ViewController.swift; sourceTree = "<group>"; };
		191A30C01F939EA300509272 /* Base */ = {isa = PBXFileReference; lastKnownFileType = file.storyboard; name = Base; path = Base.lproj/Main.storyboard; sourceTree = "<group>"; };
		191A30C21F939EA300509272 /* Assets.xcassets */ = {isa = PBXFileReference; lastKnownFileType = folder.assetcatalog; path = Assets.xcassets; sourceTree = "<group>"; };
		191A30C51F939EA300509272 /* Base */ = {isa = PBXFileReference; lastKnownFileType = file.storyboard; name = Base; path = Base.lproj/LaunchScreen.storyboard; sourceTree = "<group>"; };
		191A30C71F939EA300509272 /* Info.plist */ = {isa = PBXFileReference; lastKnownFileType = text.plist.xml; path = Info.plist; sourceTree = "<group>"; };
		191A30CC1F939EA300509272 /* metexTests.xctest */ = {isa = PBXFileReference; explicitFileType = wrapper.cfbundle; includeInIndex = 0; path = metexTests.xctest; sourceTree = BUILT_PRODUCTS_DIR; };
		191A30D01F939EA300509272 /* metexTests.swift */ = {isa = PBXFileReference; lastKnownFileType = sourcecode.swift; path = metexTests.swift; sourceTree = "<group>"; };
		191A30D21F939EA300509272 /* Info.plist */ = {isa = PBXFileReference; lastKnownFileType = text.plist.xml; path = Info.plist; sourceTree = "<group>"; };
		191A30D71F939EA300509272 /* metexUITests.xctest */ = {isa = PBXFileReference; explicitFileType = wrapper.cfbundle; includeInIndex = 0; path = metexUITests.xctest; sourceTree = BUILT_PRODUCTS_DIR; };
		191A30DB1F939EA300509272 /* metexUITests.swift */ = {isa = PBXFileReference; lastKnownFileType = sourcecode.swift; path = metexUITests.swift; sourceTree = "<group>"; };
		191A30DD1F939EA300509272 /* Info.plist */ = {isa = PBXFileReference; lastKnownFileType = text.plist.xml; path = Info.plist; sourceTree = "<group>"; };
/* End PBXFileReference section */

/* Begin PBXFrameworksBuildPhase section */
		191A30B51F939EA300509272 /* Frameworks */ = {
			isa = PBXFrameworksBuildPhase;
			buildActionMask = 2147483647;
			files = (
			);
			runOnlyForDeploymentPostprocessing = 0;
		};
		191A30C91F939EA300509272 /* Frameworks */ = {
			isa = PBXFrameworksBuildPhase;
			buildActionMask = 2147483647;
			files = (
			);
			runOnlyForDeploymentPostprocessing = 0;
		};
		191A30D41F939EA300509272 /* Frameworks */ = {
			isa = PBXFrameworksBuildPhase;
			buildActionMask = 2147483647;
			files = (
			);
			runOnlyForDeploymentPostprocessing = 0;
		};
/* End PBXFrameworksBuildPhase section */

/* Begin PBXGroup section */
		191A30AF1F939EA300509272 = {
			isa = PBXGroup;
			children = (
				191A30BA1F939EA300509272 /* metex */,
				191A30CF1F939EA300509272 /* metexTests */,
				191A30DA1F939EA300509272 /* metexUITests */,
				191A30B91F939EA300509272 /* Products */,
			);
			sourceTree = "<group>";
		};
		191A30B91F939EA300509272 /* Products */ = {
			isa = PBXGroup;
			children = (
				191A30B81F939EA300509272 /* metex.app */,
				191A30CC1F939EA300509272 /* metexTests.xctest */,
				191A30D71F939EA300509272 /* metexUITests.xctest */,
			);
			name = Products;
			sourceTree = "<group>";
		};
		191A30BA1F939EA300509272 /* metex */ = {
			isa = PBXGroup;
			children = (
				191A30BB1F939EA300509272 /* AppDelegate.swift */,
				191A30BD1F939EA300509272 /* ViewController.swift */,
				191A30BF1F939EA300509272 /* Main.storyboard */,
				191A30C21F939EA300509272 /* Assets.xcassets */,
				191A30C41F939EA300509272 /* LaunchScreen.storyboard */,
				191A30C71F939EA300509272 /* Info.plist */,
			);
			path = metex;
			sourceTree = "<group>";
		};
		191A30CF1F939EA300509272 /* metexTests */ = {
			isa = PBXGroup;
			children = (
				191A30D01F939EA300509272 /* metexTests.swift */,
				191A30D21F939EA300509272 /* Info.plist */,
			);
			path = metexTests;
			sourceTree = "<group>";
		};
		191A30DA1F939EA300509272 /* metexUITests */ = {
			isa = PBXGroup;
			children = (
				191A30DB1F939EA300509272 /* metexUITests.swift */,
				191A30DD1F939EA300509272 /* Info.plist */,
			);
			path = metexUITests;
			sourceTree = "<group>";
		};
/* End PBXGroup section */

/* Begin PBXNativeTarget section */
		191A30B71F939EA300509272 /* metex */ = {
			isa = PBXNativeTarget;
			buildConfigurationList = 191A30E01F939EA300509272 /* Build configuration list for PBXNativeTarget "metex" */;
			buildPhases = (
				191A30B41F939EA300509272 /* Sources */,
				191A30B51F939EA300509272 /* Frameworks */,
				191A30B61F939EA300509272 /* Resources */,
			);
			buildRules = (
			);
			dependencies = (
			);
			name = metex;
			productName = metex;
			productReference = 191A30B81F939EA300509272 /* metex.app */;
			productType = "com.apple.product-type.application";
		};
		191A30CB1F939EA300509272 /* metexTests */ = {
			isa = PBXNativeTarget;
			buildConfigurationList = 191A30E31F939EA300509272 /* Build configuration list for PBXNativeTarget "metexTests" */;
			buildPhases = (
				191A30C81F939EA300509272 /* Sources */,
				191A30C91F939EA300509272 /* Frameworks */,
				191A30CA1F939EA300509272 /* Resources */,
			);
			buildRules = (
			);
			dependencies = (
				191A30CE1F939EA300509272 /* PBXTargetDependency */,
			);
			name = metexTests;
			productName = metexTests;
			productReference = 191A30CC1F939EA300509272 /* metexTests.xctest */;
			productType = "com.apple.product-type.bundle.unit-test";
		};
		191A30D61F939EA300509272 /* metexUITests */ = {
			isa = PBXNativeTarget;
			buildConfigurationList = 191A30E61F939EA300509272 /* Build configuration list for PBXNativeTarget "metexUITests" */;
			buildPhases = (
				191A30D31F939EA300509272 /* Sources */,
				191A30D41F939EA300509272 /* Frameworks */,
				191A30D51F939EA300509272 /* Resources */,
			);
			buildRules = (
			);
			dependencies = (
				191A30D91F939EA300509272 /* PBXTargetDependency */,
			);
			name = metexUITests;
			productName = metexUITests;
			productReference = 191A30D71F939EA300509272 /* metexUITests.xctest */;
			productType = "com.apple.product-type.bundle.ui-testing";
		};
/* End PBXNativeTarget section */

/* Begin PBXProject section */
		191A30B01F939EA300509272 /* Project object */ = {
			isa = PBXProject;
			attributes = {
				LastSwiftUpdateCheck = 0900;
				LastUpgradeCheck = 0900;
				ORGANIZATIONNAME = "samuel ralak";
				TargetAttributes = {
					191A30B71F939EA300509272 = {
						CreatedOnToolsVersion = 9.0;
						ProvisioningStyle = Automatic;
					};
					191A30CB1F939EA300509272 = {
						CreatedOnToolsVersion = 9.0;
						ProvisioningStyle = Automatic;
						TestTargetID = 191A30B71F939EA300509272;
					};
					191A30D61F939EA300509272 = {
						CreatedOnToolsVersion = 9.0;
						ProvisioningStyle = Automatic;
						TestTargetID = 191A30B71F939EA300509272;
					};
				};
			};
			buildConfigurationList = 191A30B31F939EA300509272 /* Build configuration list for PBXProject "metex" */;
			compatibilityVersion = "Xcode 8.0";
			developmentRegion = en;
			hasScannedForEncodings = 0;
			knownRegions = (
				en,
				Base,
			);
			mainGroup = 191A30AF1F939EA300509272;
			productRefGroup = 191A30B91F939EA300509272 /* Products */;
			projectDirPath = "";
			projectRoot = "";
			targets = (
				191A30B71F939EA300509272 /* metex */,
				191A30CB1F939EA300509272 /* metexTests */,
				191A30D61F939EA300509272 /* metexUITests */,
			);
		};
/* End PBXProject section */

/* Begin PBXResourcesBuildPhase section */
		191A30B61F939EA300509272 /* Resources */ = {
			isa = PBXResourcesBuildPhase;
			buildActionMask = 2147483647;
			files = (
				191A30C61F939EA300509272 /* LaunchScreen.storyboard in Resources */,
				191A30C31F939EA300509272 /* Assets.xcassets in Resources */,
				191A30C11F939EA300509272 /* Main.storyboard in Resources */,
			);
			runOnlyForDeploymentPostprocessing = 0;
		};
		191A30CA1F939EA300509272 /* Resources */ = {
			isa = PBXResourcesBuildPhase;
			buildActionMask = 2147483647;
			files = (
			);
			runOnlyForDeploymentPostprocessing = 0;
		};
		191A30D51F939EA300509272 /* Resources */ = {
			isa = PBXResourcesBuildPhase;
			buildActionMask = 2147483647;
			files = (
			);
			runOnlyForDeploymentPostprocessing = 0;
		};
/* End PBXResourcesBuildPhase section */

/* Begin PBXSourcesBuildPhase section */
		191A30B41F939EA300509272 /* Sources */ = {
			isa = PBXSourcesBuildPhase;
			buildActionMask = 2147483647;
			files = (
				191A30BE1F939EA300509272 /* ViewController.swift in Sources */,
				191A30BC1F939EA300509272 /* AppDelegate.swift in Sources */,
			);
			runOnlyForDeploymentPostprocessing = 0;
		};
		191A30C81F939EA300509272 /* Sources */ = {
			isa = PBXSourcesBuildPhase;
			buildActionMask = 2147483647;
			files = (
				191A30D11F939EA300509272 /* metexTests.swift in Sources */,
			);
			runOnlyForDeploymentPostprocessing = 0;
		};
		191A30D31F939EA300509272 /* Sources */ = {
			isa = PBXSourcesBuildPhase;
			buildActionMask = 2147483647;
			files = (
				191A30DC1F939EA300509272 /* metexUITests.swift in Sources */,
			);
			runOnlyForDeploymentPostprocessing = 0;
		};
/* End PBXSourcesBuildPhase section */

/* Begin PBXTargetDependency section */
		191A30CE1F939EA300509272 /* PBXTargetDependency */ = {
			isa = PBXTargetDependency;
			target = 191A30B71F939EA300509272 /* metex */;
			targetProxy = 191A30CD1F939EA300509272 /* PBXContainerItemProxy */;
		};
		191A30D91F939EA300509272 /* PBXTargetDependency */ = {
			isa = PBXTargetDependency;
			target = 191A30B71F939EA300509272 /* metex */;
			targetProxy = 191A30D81F939EA300509272 /* PBXContainerItemProxy */;
		};
/* End PBXTargetDependency section */

/* Begin PBXVariantGroup section */
		191A30BF1F939EA300509272 /* Main.storyboard */ = {
			isa = PBXVariantGroup;
			children = (
				191A30C01F939EA300509272 /* Base */,
			);
			name = Main.storyboard;
			sourceTree = "<group>";
		};
		191A30C41F939EA300509272 /* LaunchScreen.storyboard */ = {
			isa = PBXVariantGroup;
			children = (
				191A30C51F939EA300509272 /* Base */,
			);
			name = LaunchScreen.storyboard;
			sourceTree = "<group>";
		};
/* End PBXVariantGroup section */

/* Begin XCBuildConfiguration section */
		191A30DE1F939EA300509272 /* Debug */ = {
			isa = XCBuildConfiguration;
			buildSettings = {
				ALWAYS_SEARCH_USER_PATHS = NO;
				CLANG_ANALYZER_NONNULL = YES;
				CLANG_ANALYZER_NUMBER_OBJECT_CONVERSION = YES_AGGRESSIVE;
				CLANG_CXX_LANGUAGE_STANDARD = "gnu++14";
				CLANG_CXX_LIBRARY = "libc++";
				CLANG_ENABLE_MODULES = YES;
				CLANG_ENABLE_OBJC_ARC = YES;
				CLANG_WARN_BLOCK_CAPTURE_AUTORELEASING = YES;
				CLANG_WARN_BOOL_CONVERSION = YES;
				CLANG_WARN_COMMA = YES;
				CLANG_WARN_CONSTANT_CONVERSION = YES;
				CLANG_WARN_DIRECT_OBJC_ISA_USAGE = YES_ERROR;
				CLANG_WARN_DOCUMENTATION_COMMENTS = YES;
				CLANG_WARN_EMPTY_BODY = YES;
				CLANG_WARN_ENUM_CONVERSION = YES;
				CLANG_WARN_INFINITE_RECURSION = YES;
				CLANG_WARN_INT_CONVERSION = YES;
				CLANG_WARN_NON_LITERAL_NULL_CONVERSION = YES;
				CLANG_WARN_OBJC_LITERAL_CONVERSION = YES;
				CLANG_WARN_OBJC_ROOT_CLASS = YES_ERROR;
				CLANG_WARN_RANGE_LOOP_ANALYSIS = YES;
				CLANG_WARN_STRICT_PROTOTYPES = YES;
				CLANG_WARN_SUSPICIOUS_MOVE = YES;
				CLANG_WARN_UNGUARDED_AVAILABILITY = YES_AGGRESSIVE;
				CLANG_WARN_UNREACHABLE_CODE = YES;
				CLANG_WARN__DUPLICATE_METHOD_MATCH = YES;
				CODE_SIGN_IDENTITY = "iPhone Developer";
				COPY_PHASE_STRIP = NO;
				DEBUG_INFORMATION_FORMAT = dwarf;
				ENABLE_STRICT_OBJC_MSGSEND = YES;
				ENABLE_TESTABILITY = YES;
				GCC_C_LANGUAGE_STANDARD = gnu11;
				GCC_DYNAMIC_NO_PIC = NO;
				GCC_NO_COMMON_BLOCKS = YES;
				GCC_OPTIMIZATION_LEVEL = 0;
				GCC_PREPROCESSOR_DEFINITIONS = (
					"DEBUG=1",
					"$(inherited)",
				);
				GCC_WARN_64_TO_32_BIT_CONVERSION = YES;
				GCC_WARN_ABOUT_RETURN_TYPE = YES_ERROR;
				GCC_WARN_UNDECLARED_SELECTOR = YES;
				GCC_WARN_UNINITIALIZED_AUTOS = YES_AGGRESSIVE;
				GCC_WARN_UNUSED_FUNCTION = YES;
				GCC_WARN_UNUSED_VARIABLE = YES;
				IPHONEOS_DEPLOYMENT_TARGET = 11.0;
				MTL_ENABLE_DEBUG_INFO = YES;
				ONLY_ACTIVE_ARCH = YES;
				SDKROOT = iphoneos;
				SWIFT_ACTIVE_COMPILATION_CONDITIONS = DEBUG;
				SWIFT_OPTIMIZATION_LEVEL = "-Onone";
			};
			name = Debug;
		};
		191A30DF1F939EA300509272 /* Release */ = {
			isa = XCBuildConfiguration;
			buildSettings = {
				ALWAYS_SEARCH_USER_PATHS = NO;
				CLANG_ANALYZER_NONNULL = YES;
				CLANG_ANALYZER_NUMBER_OBJECT_CONVERSION = YES_AGGRESSIVE;
				CLANG_CXX_LANGUAGE_STANDARD = "gnu++14";
				CLANG_CXX_LIBRARY = "libc++";
				CLANG_ENABLE_MODULES = YES;
				CLANG_ENABLE_OBJC_ARC = YES;
				CLANG_WARN_BLOCK_CAPTURE_AUTORELEASING = YES;
				CLANG_WARN_BOOL_CONVERSION = YES;
				CLANG_WARN_COMMA = YES;
				CLANG_WARN_CONSTANT_CONVERSION = YES;
				CLANG_WARN_DIRECT_OBJC_ISA_USAGE = YES_ERROR;
				CLANG_WARN_DOCUMENTATION_COMMENTS = YES;
				CLANG_WARN_EMPTY_BODY = YES;
				CLANG_WARN_ENUM_CONVERSION = YES;
				CLANG_WARN_INFINITE_RECURSION = YES;
				CLANG_WARN_INT_CONVERSION = YES;
				CLANG_WARN_NON_LITERAL_NULL_CONVERSION = YES;
				CLANG_WARN_OBJC_LITERAL_CONVERSION = YES;
				CLANG_WARN_OBJC_ROOT_CLASS = YES_ERROR;
				CLANG_WARN_RANGE_LOOP_ANALYSIS = YES;
				CLANG_WARN_STRICT_PROTOTYPES = YES;
				CLANG_WARN_SUSPICIOUS_MOVE = YES;
				CLANG_WARN_UNGUARDED_AVAILABILITY = YES_AGGRESSIVE;
				CLANG_WARN_UNREACHABLE_CODE = YES;
				CLANG_WARN__DUPLICATE_METHOD_MATCH = YES;
				CODE_SIGN_IDENTITY = "iPhone Developer";
				COPY_PHASE_STRIP = NO;
				DEBUG_INFORMATION_FORMAT = "dwarf-with-dsym";
				ENABLE_NS_ASSERTIONS = NO;
				ENABLE_STRICT_OBJC_MSGSEND = YES;
				GCC_C_LANGUAGE_STANDARD = gnu11;
				GCC_NO_COMMON_BLOCKS = YES;
				GCC_WARN_64_TO_32_BIT_CONVERSION = YES;
				GCC_WARN_ABOUT_RETURN_TYPE = YES_ERROR;
				GCC_WARN_UNDECLARED_SELECTOR = YES;
				GCC_WARN_UNINITIALIZED_AUTOS = YES_AGGRESSIVE;
				GCC_WARN_UNUSED_FUNCTION = YES;
				GCC_WARN_UNUSED_VARIABLE = YES;
				IPHONEOS_DEPLOYMENT_TARGET = 11.0;
				MTL_ENABLE_DEBUG_INFO = NO;
				SDKROOT = iphoneos;
				SWIFT_OPTIMIZATION_LEVEL = "-Owholemodule";
				VALIDATE_PRODUCT = YES;
			};
			name = Release;
		};
		191A30E11F939EA300509272 /* Debug */ = {
			isa = XCBuildConfiguration;
			buildSettings = {
				ASSETCATALOG_COMPILER_APPICON_NAME = AppIcon;
				CODE_SIGN_STYLE = Automatic;
				DEVELOPMENT_TEAM = LEE4TD5P6V;
				INFOPLIST_FILE = metex/Info.plist;
				LD_RUNPATH_SEARCH_PATHS = "$(inherited) @executable_path/Frameworks";
				PRODUCT_BUNDLE_IDENTIFIER = com.ralak.personal.metex;
				PRODUCT_NAME = "$(TARGET_NAME)";
				SWIFT_VERSION = 4.0;
				TARGETED_DEVICE_FAMILY = "1,2";
			};
			name = Debug;
		};
		191A30E21F939EA300509272 /* Release */ = {
			isa = XCBuildConfiguration;
			buildSettings = {
				ASSETCATALOG_COMPILER_APPICON_NAME = AppIcon;
				CODE_SIGN_STYLE = Automatic;
				DEVELOPMENT_TEAM = LEE4TD5P6V;
				INFOPLIST_FILE = metex/Info.plist;
				LD_RUNPATH_SEARCH_PATHS = "$(inherited) @executable_path/Frameworks";
				PRODUCT_BUNDLE_IDENTIFIER = com.ralak.personal.metex;
				PRODUCT_NAME = "$(TARGET_NAME)";
				SWIFT_VERSION = 4.0;
				TARGETED_DEVICE_FAMILY = "1,2";
			};
			name = Release;
		};
		191A30E41F939EA300509272 /* Debug */ = {
			isa = XCBuildConfiguration;
			buildSettings = {
				ALWAYS_EMBED_SWIFT_STANDARD_LIBRARIES = YES;
				BUNDLE_LOADER = "$(TEST_HOST)";
				CODE_SIGN_STYLE = Automatic;
				DEVELOPMENT_TEAM = LEE4TD5P6V;
				INFOPLIST_FILE = metexTests/Info.plist;
				LD_RUNPATH_SEARCH_PATHS = "$(inherited) @executable_path/Frameworks @loader_path/Frameworks";
				PRODUCT_BUNDLE_IDENTIFIER = com.ralak.personal.metexTests;
				PRODUCT_NAME = "$(TARGET_NAME)";
				SWIFT_VERSION = 4.0;
				TARGETED_DEVICE_FAMILY = "1,2";
				TEST_HOST = "$(BUILT_PRODUCTS_DIR)/metex.app/metex";
			};
			name = Debug;
		};
		191A30E51F939EA300509272 /* Release */ = {
			isa = XCBuildConfiguration;
			buildSettings = {
				ALWAYS_EMBED_SWIFT_STANDARD_LIBRARIES = YES;
				BUNDLE_LOADER = "$(TEST_HOST)";
				CODE_SIGN_STYLE = Automatic;
				DEVELOPMENT_TEAM = LEE4TD5P6V;
				INFOPLIST_FILE = metexTests/Info.plist;
				LD_RUNPATH_SEARCH_PATHS = "$(inherited) @executable_path/Frameworks @loader_path/Frameworks";
				PRODUCT_BUNDLE_IDENTIFIER = com.ralak.personal.metexTests;
				PRODUCT_NAME = "$(TARGET_NAME)";
				SWIFT_VERSION = 4.0;
				TARGETED_DEVICE_FAMILY = "1,2";
				TEST_HOST = "$(BUILT_PRODUCTS_DIR)/metex.app/metex";
			};
			name = Release;
		};
		191A30E71F939EA300509272 /* Debug */ = {
			isa = XCBuildConfiguration;
			buildSettings = {
				ALWAYS_EMBED_SWIFT_STANDARD_LIBRARIES = YES;
				CODE_SIGN_STYLE = Automatic;
				DEVELOPMENT_TEAM = LEE4TD5P6V;
				INFOPLIST_FILE = metexUITests/Info.plist;
				LD_RUNPATH_SEARCH_PATHS = "$(inherited) @executable_path/Frameworks @loader_path/Frameworks";
				PRODUCT_BUNDLE_IDENTIFIER = com.ralak.personal.metexUITests;
				PRODUCT_NAME = "$(TARGET_NAME)";
				SWIFT_VERSION = 4.0;
				TARGETED_DEVICE_FAMILY = "1,2";
				TEST_TARGET_NAME = metex;
			};
			name = Debug;
		};
		191A30E81F939EA300509272 /* Release */ = {
			isa = XCBuildConfiguration;
			buildSettings = {
				ALWAYS_EMBED_SWIFT_STANDARD_LIBRARIES = YES;
				CODE_SIGN_STYLE = Automatic;
				DEVELOPMENT_TEAM = LEE4TD5P6V;
				INFOPLIST_FILE = metexUITests/Info.plist;
				LD_RUNPATH_SEARCH_PATHS = "$(inherited) @executable_path/Frameworks @loader_path/Frameworks";
				PRODUCT_BUNDLE_IDENTIFIER = com.ralak.personal.metexUITests;
				PRODUCT_NAME = "$(TARGET_NAME)";
				SWIFT_VERSION = 4.0;
				TARGETED_DEVICE_FAMILY = "1,2";
				TEST_TARGET_NAME = metex;
			};
			name = Release;
		};
/* End XCBuildConfiguration section */

/* Begin XCConfigurationList section */
		191A30B31F939EA300509272 /* Build configuration list for PBXProject "metex" */ = {
			isa = XCConfigurationList;
			buildConfigurations = (
				191A30DE1F939EA300509272 /* Debug */,
				191A30DF1F939EA300509272 /* Release */,
			);
			defaultConfigurationIsVisible = 0;
			defaultConfigurationName = Release;
		};
		191A30E01F939EA300509272 /* Build configuration list for PBXNativeTarget "metex" */ = {
			isa = XCConfigurationList;
			buildConfigurations = (
				191A30E11F939EA300509272 /* Debug */,
				191A30E21F939EA300509272 /* Release */,
			);
			defaultConfigurationIsVisible = 0;
			defaultConfigurationName = Release;
		};
		191A30E31F939EA300509272 /* Build configuration list for PBXNativeTarget "metexTests" */ = {
			isa = XCConfigurationList;
			buildConfigurations = (
				191A30E41F939EA300509272 /* Debug */,
				191A30E51F939EA300509272 /* Release */,
			);
			defaultConfigurationIsVisible = 0;
			defaultConfigurationName = Release;
		};
		191A30E61F939EA300509272 /* Build configuration list for PBXNativeTarget "metexUITests" */ = {
			isa = XCConfigurationList;
			buildConfigurations = (
				191A30E71F939EA300509272 /* Debug */,
				191A30E81F939EA300509272 /* Release */,
			);
			defaultConfigurationIsVisible = 0;
			defaultConfigurationName = Release;
		};
/* End XCConfigurationList section */
	};
	rootObject = 191A30B01F939EA300509272 /* Project object */;
}
